{
  "object": {
    "pins": [
      {
        "package": "abseil",
        "repositoryURL": "https://github.com/google/abseil-cpp-binary.git",
        "state": {
          "branch": null,
          "revision": "748c7837511d0e6a507737353af268484e1745e2",
          "version": "1.2024011601.1"
        }
      },
      {
        "package": "Segment",
        "repositoryURL": "https://github.com/segmentio/analytics-ios.git",
        "state": {
          "branch": null,
          "revision": "fc64997865619f73bbab196c164f7845a13da110",
          "version": "4.1.6"
        }
      },
      {
        "package": "AppCheck",
        "repositoryURL": "https://github.com/google/app-check.git",
        "state": {
          "branch": null,
          "revision": "3b62f154d00019ae29a71e9738800bb6f18b236d",
          "version": "10.19.2"
        }
      },
      {
        "package": "Firebase",
        "repositoryURL": "https://github.com/firebase/firebase-ios-sdk.git",
        "state": {
          "branch": null,
          "revision": "03189348b7798fe94b892a35883f1dc745814fe0",
          "version": "10.28.0"
        }
      },
      {
        "package": "GoogleAppMeasurement",
        "repositoryURL": "https://github.com/google/GoogleAppMeasurement.git",
        "state": {
          "branch": null,
          "revision": "fe727587518729046fc1465625b9afd80b5ab361",
          "version": "10.28.0"
        }
      },
      {
        "package": "GoogleDataTransport",
        "repositoryURL": "https://github.com/google/GoogleDataTransport.git",
        "state": {
          "branch": null,
          "revision": "a637d318ae7ae246b02d7305121275bc75ed5565",
          "version": "9.4.0"
        }
      },
      {
        "package": "GoogleUtilities",
        "repositoryURL": "https://github.com/google/GoogleUtilities.git",
        "state": {
          "branch": null,
          "revision": "57a1d307f42df690fdef2637f3e5b776da02aad6",
          "version": "7.13.3"
        }
      },
      {
        "package": "gRPC",
        "repositoryURL": "https://github.com/google/grpc-binary.git",
        "state": {
          "branch": null,
          "revision": "e9fad491d0673bdda7063a0341fb6b47a30c5359",
          "version": "1.62.2"
        }
      },
      {
        "package": "GTMSessionFetcher",
        "repositoryURL": "https://github.com/google/gtm-session-fetcher.git",
        "state": {
          "branch": null,
          "revision": "efda500b6d9858d38a76dbfbfa396bd644692e4a",
          "version": "3.0.0"
        }
      },
      {
        "package": "InteropForGoogle",
        "repositoryURL": "https://github.com/google/interop-ios-for-google-sdks.git",
        "state": {
          "branch": null,
          "revision": "2d12673670417654f08f5f90fdd62926dc3a2648",
          "version": "100.0.0"
        }
      },
      {
        "package": "leveldb",
        "repositoryURL": "https://github.com/firebase/leveldb.git",
        "state": {
          "branch": null,
          "revision": "0706abcc6b0bd9cedfbb015ba840e4a780b5159b",
          "version": "1.22.2"
        }
      },
      {
        "package": "nanopb",
        "repositoryURL": "https://github.com/firebase/nanopb.git",
        "state": {
          "branch": null,
          "revision": "819d0a2173aff699fb8c364b6fb906f7cdb1a692",
          "version": "2.30909.0"
        }
      },
      {
        "package": "Promises",
        "repositoryURL": "https://github.com/google/promises.git",
        "state": {
          "branch": null,
          "revision": "540318ecedd63d883069ae7f1ed811a2df00b6ac",
          "version": "2.4.0"
        }
      },
      {
        "package": "SwiftProtobuf",
        "repositoryURL": "https://github.com/apple/swift-protobuf.git",
        "state": {
          "branch": null,
          "revision": "e1499bc69b9040b29184f7f2996f7bab467c1639",
          "version": "1.19.0"
        }
      }
    ]
  },
  "version": 1
}
